
Microsoft Visual Studio Solution File, Format Version 12.00
# Visual Studio 15
VisualStudioVersion = 15.0.27703.1
MinimumVisualStudioVersion = 10.0.40219.1
Project("{FAE04EC0-301F-11D3-BF4B-00C04F79EFBC}") = "Basic CSharp", "Basic CSharp\Basic CSharp.csproj", "{7CE7681F-1782-4FD3-93F1-398E8105166C}"
EndProject
Global
	GlobalSection(SolutionConfigurationPlatforms) = preSolution
		Debug|Any CPU = Debug|Any CPU
		Release|Any CPU = Release|Any CPU
	EndGlobalSection
	GlobalSection(ProjectConfigurationPlatforms) = postSolution
		{7CE7681F-1782-4FD3-93F1-398E8105166C}.Debug|Any CPU.ActiveCfg = Debug|Any CPU
		{7CE7681F-1782-4FD3-93F1-398E8105166C}.Debug|Any CPU.Build.0 = Debug|Any CPU
		{7CE7681F-1782-4FD3-93F1-398E8105166C}.Release|Any CPU.ActiveCfg = Release|Any CPU
		{7CE7681F-1782-4FD3-93F1-398E8105166C}.Release|Any CPU.Build.0 = Release|Any CPU
	EndGlobalSection
	GlobalSection(SolutionProperties) = preSolution
		HideSolutionNode = FALSE
	EndGlobalSection
	GlobalSection(ExtensibilityGlobals) = postSolution
		SolutionGuid = {33AFB53F-6FF2-4503-B637-8A6B12CD47B7}
	EndGlobalSection
EndGlobal
