
Microsoft Visual Studio Solution File, Format Version 12.00
# Visual Studio 15
VisualStudioVersion = 15.0.28010.2046
MinimumVisualStudioVersion = 10.0.40219.1
Project("{FAE04EC0-301F-11D3-BF4B-00C04F79EFBC}") = "ConsoleApp6", "ConsoleApp6\ConsoleApp6.csproj", "{A7C4B8E9-1AE7-4CFD-BD9F-A2C5E382E8AC}"
EndProject
Global
	GlobalSection(SolutionConfigurationPlatforms) = preSolution
		Debug|Any CPU = Debug|Any CPU
		Release|Any CPU = Release|Any CPU
	EndGlobalSection
	GlobalSection(ProjectConfigurationPlatforms) = postSolution
		{A7C4B8E9-1AE7-4CFD-BD9F-A2C5E382E8AC}.Debug|Any CPU.ActiveCfg = Debug|Any CPU
		{A7C4B8E9-1AE7-4CFD-BD9F-A2C5E382E8AC}.Debug|Any CPU.Build.0 = Debug|Any CPU
		{A7C4B8E9-1AE7-4CFD-BD9F-A2C5E382E8AC}.Release|Any CPU.ActiveCfg = Release|Any CPU
		{A7C4B8E9-1AE7-4CFD-BD9F-A2C5E382E8AC}.Release|Any CPU.Build.0 = Release|Any CPU
	EndGlobalSection
	GlobalSection(SolutionProperties) = preSolution
		HideSolutionNode = FALSE
	EndGlobalSection
	GlobalSection(ExtensibilityGlobals) = postSolution
		SolutionGuid = {043E2D7C-4575-4F9E-B3E5-5AD81603831C}
	EndGlobalSection
EndGlobal
